
Microsoft Visual Studio Solution File, Format Version 12.00
# Visual Studio Version 16
VisualStudioVersion = 16.0.29613.14
MinimumVisualStudioVersion = 10.0.40219.1
Project("{9A19103F-16F7-4668-BE54-9A1E7A4F7556}") = "GEM", "GEM.csproj", "{FAAB0418-E9FF-427A-95DE-265F1C972DF4}"
EndProject
Global
	GlobalSection(SolutionConfigurationPlatforms) = preSolution
		Debug|Any CPU = Debug|Any CPU
		Release|Any CPU = Release|Any CPU
	EndGlobalSection
	GlobalSection(ProjectConfigurationPlatforms) = postSolution
		{FAAB0418-E9FF-427A-95DE-265F1C972DF4}.Debug|Any CPU.ActiveCfg = Debug|Any CPU
		{FAAB0418-E9FF-427A-95DE-265F1C972DF4}.Debug|Any CPU.Build.0 = Debug|Any CPU
		{FAAB0418-E9FF-427A-95DE-265F1C972DF4}.Release|Any CPU.ActiveCfg = Release|Any CPU
		{FAAB0418-E9FF-427A-95DE-265F1C972DF4}.Release|Any CPU.Build.0 = Release|Any CPU
	EndGlobalSection
	GlobalSection(SolutionProperties) = preSolution
		HideSolutionNode = FALSE
	EndGlobalSection
	GlobalSection(ExtensibilityGlobals) = postSolution
		SolutionGuid = {D1F4F1DB-3093-4D60-8F4C-663B12FA3FDB}
	EndGlobalSection
EndGlobal
